
Microsoft Visual Studio Solution File, Format Version 12.00
# Visual Studio Version 16
VisualStudioVersion = 16.0.31911.196
MinimumVisualStudioVersion = 10.0.40219.1
Project("{FAE04EC0-301F-11D3-BF4B-00C04F79EFBC}") = "MDP_WPFNetCoreProject", "MDP_WPFNetCoreProject\MDP_WPFNetCoreProject.csproj", "{ECD91B55-E08B-4793-91F3-BB3C224140EA}"
EndProject
Project("{FAE04EC0-301F-11D3-BF4B-00C04F79EFBC}") = "Business", "Business\Business.csproj", "{FD03292C-6B88-43D4-9F66-2447B5086C64}"
EndProject
Project("{FAE04EC0-301F-11D3-BF4B-00C04F79EFBC}") = "Infrastructure", "Infrastructure\Infrastructure.csproj", "{1B4FEDCF-AB04-4F33-AC33-58E760B5B7AE}"
EndProject
Project("{FAE04EC0-301F-11D3-BF4B-00C04F79EFBC}") = "Application", "Application\Application.csproj", "{26D466D7-35E3-4E9C-B6BA-E824C36F1169}"
EndProject
Global
	GlobalSection(SolutionConfigurationPlatforms) = preSolution
		Debug|Any CPU = Debug|Any CPU
		Release|Any CPU = Release|Any CPU
	EndGlobalSection
	GlobalSection(ProjectConfigurationPlatforms) = postSolution
		{ECD91B55-E08B-4793-91F3-BB3C224140EA}.Debug|Any CPU.ActiveCfg = Debug|Any CPU
		{ECD91B55-E08B-4793-91F3-BB3C224140EA}.Debug|Any CPU.Build.0 = Debug|Any CPU
		{ECD91B55-E08B-4793-91F3-BB3C224140EA}.Release|Any CPU.ActiveCfg = Release|Any CPU
		{ECD91B55-E08B-4793-91F3-BB3C224140EA}.Release|Any CPU.Build.0 = Release|Any CPU
		{FD03292C-6B88-43D4-9F66-2447B5086C64}.Debug|Any CPU.ActiveCfg = Debug|Any CPU
		{FD03292C-6B88-43D4-9F66-2447B5086C64}.Debug|Any CPU.Build.0 = Debug|Any CPU
		{FD03292C-6B88-43D4-9F66-2447B5086C64}.Release|Any CPU.ActiveCfg = Release|Any CPU
		{FD03292C-6B88-43D4-9F66-2447B5086C64}.Release|Any CPU.Build.0 = Release|Any CPU
		{1B4FEDCF-AB04-4F33-AC33-58E760B5B7AE}.Debug|Any CPU.ActiveCfg = Debug|Any CPU
		{1B4FEDCF-AB04-4F33-AC33-58E760B5B7AE}.Debug|Any CPU.Build.0 = Debug|Any CPU
		{1B4FEDCF-AB04-4F33-AC33-58E760B5B7AE}.Release|Any CPU.ActiveCfg = Release|Any CPU
		{1B4FEDCF-AB04-4F33-AC33-58E760B5B7AE}.Release|Any CPU.Build.0 = Release|Any CPU
		{26D466D7-35E3-4E9C-B6BA-E824C36F1169}.Debug|Any CPU.ActiveCfg = Debug|Any CPU
		{26D466D7-35E3-4E9C-B6BA-E824C36F1169}.Debug|Any CPU.Build.0 = Debug|Any CPU
		{26D466D7-35E3-4E9C-B6BA-E824C36F1169}.Release|Any CPU.ActiveCfg = Release|Any CPU
		{26D466D7-35E3-4E9C-B6BA-E824C36F1169}.Release|Any CPU.Build.0 = Release|Any CPU
	EndGlobalSection
	GlobalSection(SolutionProperties) = preSolution
		HideSolutionNode = FALSE
	EndGlobalSection
	GlobalSection(ExtensibilityGlobals) = postSolution
		SolutionGuid = {9441BE66-BE7F-4503-8B6B-6E885FB00918}
	EndGlobalSection
EndGlobal
